
Microsoft Visual Studio Solution File, Format Version 12.00
# Visual Studio Version 16
VisualStudioVersion = 16.0.34301.259
MinimumVisualStudioVersion = 10.0.40219.1
Project("{FAE04EC0-301F-11D3-BF4B-00C04F79EFBC}") = "OOP1", "OOP1\OOP1.csproj", "{1C483BF2-06DB-488D-8770-08BC51F7796D}"
EndProject
Global
	GlobalSection(SolutionConfigurationPlatforms) = preSolution
		Debug|Any CPU = Debug|Any CPU
		Release|Any CPU = Release|Any CPU
	EndGlobalSection
	GlobalSection(ProjectConfigurationPlatforms) = postSolution
		{1C483BF2-06DB-488D-8770-08BC51F7796D}.Debug|Any CPU.ActiveCfg = Debug|Any CPU
		{1C483BF2-06DB-488D-8770-08BC51F7796D}.Debug|Any CPU.Build.0 = Debug|Any CPU
		{1C483BF2-06DB-488D-8770-08BC51F7796D}.Release|Any CPU.ActiveCfg = Release|Any CPU
		{1C483BF2-06DB-488D-8770-08BC51F7796D}.Release|Any CPU.Build.0 = Release|Any CPU
	EndGlobalSection
	GlobalSection(SolutionProperties) = preSolution
		HideSolutionNode = FALSE
	EndGlobalSection
	GlobalSection(ExtensibilityGlobals) = postSolution
		SolutionGuid = {04D72341-4B83-4BF1-B45F-BB059DBA8668}
	EndGlobalSection
EndGlobal
