
Microsoft Visual Studio Solution File, Format Version 12.00
# Visual Studio Version 17
VisualStudioVersion = 17.8.34316.72
MinimumVisualStudioVersion = 10.0.40219.1
Project("{FAE04EC0-301F-11D3-BF4B-00C04F79EFBC}") = "PaintUygulamam", "PaintUygulamam\PaintUygulamam.csproj", "{D79EA5D9-EE4B-4F8B-8EBE-DF8F2DBA96CC}"
EndProject
Global
	GlobalSection(SolutionConfigurationPlatforms) = preSolution
		Debug|Any CPU = Debug|Any CPU
		Release|Any CPU = Release|Any CPU
	EndGlobalSection
	GlobalSection(ProjectConfigurationPlatforms) = postSolution
		{D79EA5D9-EE4B-4F8B-8EBE-DF8F2DBA96CC}.Debug|Any CPU.ActiveCfg = Debug|Any CPU
		{D79EA5D9-EE4B-4F8B-8EBE-DF8F2DBA96CC}.Debug|Any CPU.Build.0 = Debug|Any CPU
		{D79EA5D9-EE4B-4F8B-8EBE-DF8F2DBA96CC}.Release|Any CPU.ActiveCfg = Release|Any CPU
		{D79EA5D9-EE4B-4F8B-8EBE-DF8F2DBA96CC}.Release|Any CPU.Build.0 = Release|Any CPU
	EndGlobalSection
	GlobalSection(SolutionProperties) = preSolution
		HideSolutionNode = FALSE
	EndGlobalSection
	GlobalSection(ExtensibilityGlobals) = postSolution
		SolutionGuid = {A2FFC8B8-348B-41F7-AFCF-E331F15DC70E}
	EndGlobalSection
EndGlobal
