
Microsoft Visual Studio Solution File, Format Version 12.00
# Visual Studio Version 16
VisualStudioVersion = 16.0.34301.259
MinimumVisualStudioVersion = 10.0.40219.1
Project("{FAE04EC0-301F-11D3-BF4B-00C04F79EFBC}") = "WebBrowser", "WebBrowser\WebBrowser.csproj", "{19FBA7CF-3E6F-455F-9499-1DBDCD90663C}"
EndProject
Global
	GlobalSection(SolutionConfigurationPlatforms) = preSolution
		Debug|Any CPU = Debug|Any CPU
		Release|Any CPU = Release|Any CPU
	EndGlobalSection
	GlobalSection(ProjectConfigurationPlatforms) = postSolution
		{19FBA7CF-3E6F-455F-9499-1DBDCD90663C}.Debug|Any CPU.ActiveCfg = Debug|Any CPU
		{19FBA7CF-3E6F-455F-9499-1DBDCD90663C}.Debug|Any CPU.Build.0 = Debug|Any CPU
		{19FBA7CF-3E6F-455F-9499-1DBDCD90663C}.Release|Any CPU.ActiveCfg = Release|Any CPU
		{19FBA7CF-3E6F-455F-9499-1DBDCD90663C}.Release|Any CPU.Build.0 = Release|Any CPU
	EndGlobalSection
	GlobalSection(SolutionProperties) = preSolution
		HideSolutionNode = FALSE
	EndGlobalSection
	GlobalSection(ExtensibilityGlobals) = postSolution
		SolutionGuid = {04E6EA29-9F38-49C3-94D3-F8689D4B43E8}
	EndGlobalSection
EndGlobal
