
Microsoft Visual Studio Solution File, Format Version 12.00
# Visual Studio Version 17
VisualStudioVersion = 17.8.34316.72
MinimumVisualStudioVersion = 10.0.40219.1
Project("{FAE04EC0-301F-11D3-BF4B-00C04F79EFBC}") = "DövizUygulama", "DövizUygulama\DövizUygulama.csproj", "{56AE47C5-ADEE-471D-8A14-CC342402D9DD}"
EndProject
Global
	GlobalSection(SolutionConfigurationPlatforms) = preSolution
		Debug|Any CPU = Debug|Any CPU
		Release|Any CPU = Release|Any CPU
	EndGlobalSection
	GlobalSection(ProjectConfigurationPlatforms) = postSolution
		{56AE47C5-ADEE-471D-8A14-CC342402D9DD}.Debug|Any CPU.ActiveCfg = Debug|Any CPU
		{56AE47C5-ADEE-471D-8A14-CC342402D9DD}.Debug|Any CPU.Build.0 = Debug|Any CPU
		{56AE47C5-ADEE-471D-8A14-CC342402D9DD}.Release|Any CPU.ActiveCfg = Release|Any CPU
		{56AE47C5-ADEE-471D-8A14-CC342402D9DD}.Release|Any CPU.Build.0 = Release|Any CPU
	EndGlobalSection
	GlobalSection(SolutionProperties) = preSolution
		HideSolutionNode = FALSE
	EndGlobalSection
	GlobalSection(ExtensibilityGlobals) = postSolution
		SolutionGuid = {B31224A2-7A5F-4821-85C7-C3ADD10AD445}
	EndGlobalSection
EndGlobal
